
Microsoft Visual Studio Solution File, Format Version 12.00
# Visual Studio Version 17
VisualStudioVersion = 17.8.34330.188
MinimumVisualStudioVersion = 10.0.40219.1
Project("{FAE04EC0-301F-11D3-BF4B-00C04F79EFBC}") = "PW-1", "PW-1\PW-1.csproj", "{76A92863-38DD-407D-889D-6A7CE6D3703C}"
EndProject
Project("{FAE04EC0-301F-11D3-BF4B-00C04F79EFBC}") = "Simple3DAnimation", "Simple3DAnimation\Simple3DAnimation.csproj", "{A326FA25-1B27-4546-9F5C-B2BBCE904FC4}"
EndProject
Global
	GlobalSection(SolutionConfigurationPlatforms) = preSolution
		Debug|Any CPU = Debug|Any CPU
		Release|Any CPU = Release|Any CPU
	EndGlobalSection
	GlobalSection(ProjectConfigurationPlatforms) = postSolution
		{76A92863-38DD-407D-889D-6A7CE6D3703C}.Debug|Any CPU.ActiveCfg = Debug|Any CPU
		{76A92863-38DD-407D-889D-6A7CE6D3703C}.Debug|Any CPU.Build.0 = Debug|Any CPU
		{76A92863-38DD-407D-889D-6A7CE6D3703C}.Release|Any CPU.ActiveCfg = Release|Any CPU
		{76A92863-38DD-407D-889D-6A7CE6D3703C}.Release|Any CPU.Build.0 = Release|Any CPU
		{A326FA25-1B27-4546-9F5C-B2BBCE904FC4}.Debug|Any CPU.ActiveCfg = Debug|Any CPU
		{A326FA25-1B27-4546-9F5C-B2BBCE904FC4}.Debug|Any CPU.Build.0 = Debug|Any CPU
		{A326FA25-1B27-4546-9F5C-B2BBCE904FC4}.Release|Any CPU.ActiveCfg = Release|Any CPU
		{A326FA25-1B27-4546-9F5C-B2BBCE904FC4}.Release|Any CPU.Build.0 = Release|Any CPU
	EndGlobalSection
	GlobalSection(SolutionProperties) = preSolution
		HideSolutionNode = FALSE
	EndGlobalSection
	GlobalSection(ExtensibilityGlobals) = postSolution
		SolutionGuid = {E9C948B5-7066-4B75-A893-580E7575CF8F}
	EndGlobalSection
EndGlobal
